
Microsoft Visual Studio Solution File, Format Version 12.00
# Visual Studio Version 17
VisualStudioVersion = 17.5.33530.505
MinimumVisualStudioVersion = 10.0.40219.1
Project("{FAE04EC0-301F-11D3-BF4B-00C04F79EFBC}") = "nikopharm_task", "nikopharm_task.csproj", "{8B7B22E5-CBAC-442A-9747-63ACABA9DDC9}"
EndProject
Global
	GlobalSection(SolutionConfigurationPlatforms) = preSolution
		Debug|Any CPU = Debug|Any CPU
		Release|Any CPU = Release|Any CPU
	EndGlobalSection
	GlobalSection(ProjectConfigurationPlatforms) = postSolution
		{8B7B22E5-CBAC-442A-9747-63ACABA9DDC9}.Debug|Any CPU.ActiveCfg = Debug|Any CPU
		{8B7B22E5-CBAC-442A-9747-63ACABA9DDC9}.Debug|Any CPU.Build.0 = Debug|Any CPU
		{8B7B22E5-CBAC-442A-9747-63ACABA9DDC9}.Release|Any CPU.ActiveCfg = Release|Any CPU
		{8B7B22E5-CBAC-442A-9747-63ACABA9DDC9}.Release|Any CPU.Build.0 = Release|Any CPU
	EndGlobalSection
	GlobalSection(SolutionProperties) = preSolution
		HideSolutionNode = FALSE
	EndGlobalSection
	GlobalSection(ExtensibilityGlobals) = postSolution
		SolutionGuid = {51634F5A-2778-4B32-9EEC-585DF4D9961C}
	EndGlobalSection
EndGlobal
